
Microsoft Visual Studio Solution File, Format Version 12.00
# Visual Studio Version 16
VisualStudioVersion = 16.0.29503.13
MinimumVisualStudioVersion = 10.0.40219.1
Project("{FAE04EC0-301F-11D3-BF4B-00C04F79EFBC}") = "QuickLZCompressionStream", "QuickLZCompressionStream\QuickLZCompressionStream.csproj", "{DA02DB42-AA27-43DF-B1CC-36160A599A10}"
EndProject
Global
	GlobalSection(SolutionConfigurationPlatforms) = preSolution
		Debug|Any CPU = Debug|Any CPU
		Release|Any CPU = Release|Any CPU
	EndGlobalSection
	GlobalSection(ProjectConfigurationPlatforms) = postSolution
		{DA02DB42-AA27-43DF-B1CC-36160A599A10}.Debug|Any CPU.ActiveCfg = Debug|Any CPU
		{DA02DB42-AA27-43DF-B1CC-36160A599A10}.Debug|Any CPU.Build.0 = Debug|Any CPU
		{DA02DB42-AA27-43DF-B1CC-36160A599A10}.Release|Any CPU.ActiveCfg = Release|Any CPU
		{DA02DB42-AA27-43DF-B1CC-36160A599A10}.Release|Any CPU.Build.0 = Release|Any CPU
	EndGlobalSection
	GlobalSection(SolutionProperties) = preSolution
		HideSolutionNode = FALSE
	EndGlobalSection
	GlobalSection(ExtensibilityGlobals) = postSolution
		SolutionGuid = {5BBEBE2B-27F6-4B64-AB80-AEBA378D4BEE}
	EndGlobalSection
EndGlobal
